schema: '2.0'
stages:
  create_data:
    cmd: python3 src/create_dataset.py --config params.yaml
    deps:
    - path: src/create_dataset.py
      md5: 106cee9dceffb0f1d5c1fd32107110b1
      size: 573
    outs:
    - path: data/train_data.csv
      md5: d79a17d3d130327e96b9fa6b2646042a
      size: 3057
  train_model:
    cmd: python3 src/train_model.py --config params.yaml
    deps:
    - path: data/train_data.csv
      md5: d79a17d3d130327e96b9fa6b2646042a
      size: 3057
    outs:
    - path: models/model.joblib
      md5: 6cbfbac9460ed5777bc8e68664613066
      size: 5421
